# THIS IS AN AUTOGENERATED FILE. DO NOT EDIT THIS FILE DIRECTLY.
# yarn lockfile v1


"@layerzerolabs/lz-evm-v1-0.7@=3.0.168":
  version "3.0.168"
  resolved "https://registry.yarnpkg.com/@layerzerolabs/lz-evm-v1-0.7/-/lz-evm-v1-0.7-3.0.168.tgz#50416af1e6d747e0a7912e12e9e2da26c745d87b"
  integrity sha512-JE2Ogs7oKFihIcFhsN4MQ9Q9BSjIXzpYd1hztmeW2khKQOtKI8hqClwB6D252NGW1SB8Rr78RTVCcCSceY8ErA==
